
Microsoft Visual Studio Solution File, Format Version 12.00
# Visual Studio 2013
VisualStudioVersion = 12.0.31101.0
MinimumVisualStudioVersion = 10.0.40219.1
Project("{FAE04EC0-301F-11D3-BF4B-00C04F79EFBC}") = "Kata-SRP", "Kata-SRP\Kata-SRP.csproj", "{EA260618-5C79-4FA9-932F-0539ED38E3D1}"
EndProject
Project("{FAE04EC0-301F-11D3-BF4B-00C04F79EFBC}") = "Cifrador.Test", "Cifrador.Test\Cifrador.Test.csproj", "{83076FEC-F520-4AB1-8CCC-69444C53CA2C}"
EndProject
Global
	GlobalSection(SolutionConfigurationPlatforms) = preSolution
		Debug|Any CPU = Debug|Any CPU
		Release|Any CPU = Release|Any CPU
	EndGlobalSection
	GlobalSection(ProjectConfigurationPlatforms) = postSolution
		{EA260618-5C79-4FA9-932F-0539ED38E3D1}.Debug|Any CPU.ActiveCfg = Debug|Any CPU
		{EA260618-5C79-4FA9-932F-0539ED38E3D1}.Debug|Any CPU.Build.0 = Debug|Any CPU
		{EA260618-5C79-4FA9-932F-0539ED38E3D1}.Release|Any CPU.ActiveCfg = Release|Any CPU
		{EA260618-5C79-4FA9-932F-0539ED38E3D1}.Release|Any CPU.Build.0 = Release|Any CPU
		{83076FEC-F520-4AB1-8CCC-69444C53CA2C}.Debug|Any CPU.ActiveCfg = Debug|Any CPU
		{83076FEC-F520-4AB1-8CCC-69444C53CA2C}.Debug|Any CPU.Build.0 = Debug|Any CPU
		{83076FEC-F520-4AB1-8CCC-69444C53CA2C}.Release|Any CPU.ActiveCfg = Release|Any CPU
		{83076FEC-F520-4AB1-8CCC-69444C53CA2C}.Release|Any CPU.Build.0 = Release|Any CPU
	EndGlobalSection
	GlobalSection(SolutionProperties) = preSolution
		HideSolutionNode = FALSE
	EndGlobalSection
EndGlobal
